
Microsoft Visual Studio Solution File, Format Version 12.00
# Visual Studio Version 17
VisualStudioVersion = 17.9.34622.214
MinimumVisualStudioVersion = 10.0.40219.1
Project("{2150E333-8FDC-42A3-9474-1A3956D46DE8}") = "MoonHotels.Hub", "MoonHotels.Hub", "{AD6C76D0-7239-432D-B91B-B3E9A8649F03}"
EndProject
Project("{9A19103F-16F7-4668-BE54-9A1E7A4F7556}") = "MoonHotels.Hub.Services", "MoonHotels.Hub.Services\MoonHotels.Hub.Services.csproj", "{AE5A42B7-6713-404D-9FC4-45A04A96E71E}"
EndProject
Project("{2150E333-8FDC-42A3-9474-1A3956D46DE8}") = "MoonHotels.Hub.Providers", "MoonHotels.Hub.Providers", "{8D481A56-D8B9-45A5-92D5-AC0AF24ED795}"
EndProject
Project("{2150E333-8FDC-42A3-9474-1A3956D46DE8}") = "HotelLegs", "HotelLegs", "{EDFF048E-4B10-4EEF-94AB-DEFC8E452828}"
EndProject
Project("{2150E333-8FDC-42A3-9474-1A3956D46DE8}") = "TravelDoorX", "TravelDoorX", "{C6F0453D-B523-4CD8-9680-C19BF09C7809}"
EndProject
Project("{2150E333-8FDC-42A3-9474-1A3956D46DE8}") = "Spedia", "Spedia", "{5937C8C6-3686-4B3D-B371-4B61C8A0D319}"
EndProject
Project("{9A19103F-16F7-4668-BE54-9A1E7A4F7556}") = "HotelLegs.Api", "HotelLegs.Api\HotelLegs.Api.csproj", "{09F5FD9F-EED5-4AC4-8F8F-F6E78EBE12E8}"
EndProject
Project("{9A19103F-16F7-4668-BE54-9A1E7A4F7556}") = "HotelLegs.Services", "HotelLegs.Services\HotelLegs.Services.csproj", "{CFED94BE-657C-4085-9F62-EBA7B81F293E}"
EndProject
Project("{9A19103F-16F7-4668-BE54-9A1E7A4F7556}") = "Spedia.Api", "Spedia.Api\Spedia.Api.csproj", "{19528FB2-0B95-46E7-BE72-9F2D9C35A630}"
EndProject
Project("{9A19103F-16F7-4668-BE54-9A1E7A4F7556}") = "Spedia.Services", "Spedia.Services\Spedia.Services.csproj", "{5DB74009-04D1-4FC0-9668-FE80B7415493}"
EndProject
Project("{9A19103F-16F7-4668-BE54-9A1E7A4F7556}") = "TravelDoorX.Api", "TravelDoorX.Api\TravelDoorX.Api.csproj", "{C867CAD1-B6AB-4CA9-9F0F-607782D70A56}"
EndProject
Project("{9A19103F-16F7-4668-BE54-9A1E7A4F7556}") = "TravelDoorX.Services", "TravelDoorX.Services\TravelDoorX.Services.csproj", "{2B2B40D6-B8C5-4FD7-95FB-574C6F1FD995}"
EndProject
Project("{2150E333-8FDC-42A3-9474-1A3956D46DE8}") = "Solution Items", "Solution Items", "{A57FFBD3-2A40-4C6C-BC08-38BB75745D24}"
	ProjectSection(SolutionItems) = preProject
		.editorconfig = .editorconfig
	EndProjectSection
EndProject
Project("{9A19103F-16F7-4668-BE54-9A1E7A4F7556}") = "MoonHotels.Hub.Api", "MoonHotels.Hub.Api\MoonHotels.Hub.Api.csproj", "{549056B1-005C-42B1-AF3E-F8A13195245A}"
EndProject
Global
	GlobalSection(SolutionConfigurationPlatforms) = preSolution
		Debug|Any CPU = Debug|Any CPU
		Release|Any CPU = Release|Any CPU
	EndGlobalSection
	GlobalSection(ProjectConfigurationPlatforms) = postSolution
		{AE5A42B7-6713-404D-9FC4-45A04A96E71E}.Debug|Any CPU.ActiveCfg = Debug|Any CPU
		{AE5A42B7-6713-404D-9FC4-45A04A96E71E}.Debug|Any CPU.Build.0 = Debug|Any CPU
		{AE5A42B7-6713-404D-9FC4-45A04A96E71E}.Release|Any CPU.ActiveCfg = Release|Any CPU
		{AE5A42B7-6713-404D-9FC4-45A04A96E71E}.Release|Any CPU.Build.0 = Release|Any CPU
		{09F5FD9F-EED5-4AC4-8F8F-F6E78EBE12E8}.Debug|Any CPU.ActiveCfg = Debug|Any CPU
		{09F5FD9F-EED5-4AC4-8F8F-F6E78EBE12E8}.Debug|Any CPU.Build.0 = Debug|Any CPU
		{09F5FD9F-EED5-4AC4-8F8F-F6E78EBE12E8}.Release|Any CPU.ActiveCfg = Release|Any CPU
		{09F5FD9F-EED5-4AC4-8F8F-F6E78EBE12E8}.Release|Any CPU.Build.0 = Release|Any CPU
		{CFED94BE-657C-4085-9F62-EBA7B81F293E}.Debug|Any CPU.ActiveCfg = Debug|Any CPU
		{CFED94BE-657C-4085-9F62-EBA7B81F293E}.Debug|Any CPU.Build.0 = Debug|Any CPU
		{CFED94BE-657C-4085-9F62-EBA7B81F293E}.Release|Any CPU.ActiveCfg = Release|Any CPU
		{CFED94BE-657C-4085-9F62-EBA7B81F293E}.Release|Any CPU.Build.0 = Release|Any CPU
		{19528FB2-0B95-46E7-BE72-9F2D9C35A630}.Debug|Any CPU.ActiveCfg = Debug|Any CPU
		{19528FB2-0B95-46E7-BE72-9F2D9C35A630}.Debug|Any CPU.Build.0 = Debug|Any CPU
		{19528FB2-0B95-46E7-BE72-9F2D9C35A630}.Release|Any CPU.ActiveCfg = Release|Any CPU
		{19528FB2-0B95-46E7-BE72-9F2D9C35A630}.Release|Any CPU.Build.0 = Release|Any CPU
		{5DB74009-04D1-4FC0-9668-FE80B7415493}.Debug|Any CPU.ActiveCfg = Debug|Any CPU
		{5DB74009-04D1-4FC0-9668-FE80B7415493}.Debug|Any CPU.Build.0 = Debug|Any CPU
		{5DB74009-04D1-4FC0-9668-FE80B7415493}.Release|Any CPU.ActiveCfg = Release|Any CPU
		{5DB74009-04D1-4FC0-9668-FE80B7415493}.Release|Any CPU.Build.0 = Release|Any CPU
		{C867CAD1-B6AB-4CA9-9F0F-607782D70A56}.Debug|Any CPU.ActiveCfg = Debug|Any CPU
		{C867CAD1-B6AB-4CA9-9F0F-607782D70A56}.Debug|Any CPU.Build.0 = Debug|Any CPU
		{C867CAD1-B6AB-4CA9-9F0F-607782D70A56}.Release|Any CPU.ActiveCfg = Release|Any CPU
		{C867CAD1-B6AB-4CA9-9F0F-607782D70A56}.Release|Any CPU.Build.0 = Release|Any CPU
		{2B2B40D6-B8C5-4FD7-95FB-574C6F1FD995}.Debug|Any CPU.ActiveCfg = Debug|Any CPU
		{2B2B40D6-B8C5-4FD7-95FB-574C6F1FD995}.Debug|Any CPU.Build.0 = Debug|Any CPU
		{2B2B40D6-B8C5-4FD7-95FB-574C6F1FD995}.Release|Any CPU.ActiveCfg = Release|Any CPU
		{2B2B40D6-B8C5-4FD7-95FB-574C6F1FD995}.Release|Any CPU.Build.0 = Release|Any CPU
		{549056B1-005C-42B1-AF3E-F8A13195245A}.Debug|Any CPU.ActiveCfg = Debug|Any CPU
		{549056B1-005C-42B1-AF3E-F8A13195245A}.Debug|Any CPU.Build.0 = Debug|Any CPU
		{549056B1-005C-42B1-AF3E-F8A13195245A}.Release|Any CPU.ActiveCfg = Release|Any CPU
		{549056B1-005C-42B1-AF3E-F8A13195245A}.Release|Any CPU.Build.0 = Release|Any CPU
	EndGlobalSection
	GlobalSection(SolutionProperties) = preSolution
		HideSolutionNode = FALSE
	EndGlobalSection
	GlobalSection(NestedProjects) = preSolution
		{AE5A42B7-6713-404D-9FC4-45A04A96E71E} = {AD6C76D0-7239-432D-B91B-B3E9A8649F03}
		{EDFF048E-4B10-4EEF-94AB-DEFC8E452828} = {8D481A56-D8B9-45A5-92D5-AC0AF24ED795}
		{C6F0453D-B523-4CD8-9680-C19BF09C7809} = {8D481A56-D8B9-45A5-92D5-AC0AF24ED795}
		{5937C8C6-3686-4B3D-B371-4B61C8A0D319} = {8D481A56-D8B9-45A5-92D5-AC0AF24ED795}
		{09F5FD9F-EED5-4AC4-8F8F-F6E78EBE12E8} = {EDFF048E-4B10-4EEF-94AB-DEFC8E452828}
		{CFED94BE-657C-4085-9F62-EBA7B81F293E} = {EDFF048E-4B10-4EEF-94AB-DEFC8E452828}
		{19528FB2-0B95-46E7-BE72-9F2D9C35A630} = {5937C8C6-3686-4B3D-B371-4B61C8A0D319}
		{5DB74009-04D1-4FC0-9668-FE80B7415493} = {5937C8C6-3686-4B3D-B371-4B61C8A0D319}
		{C867CAD1-B6AB-4CA9-9F0F-607782D70A56} = {C6F0453D-B523-4CD8-9680-C19BF09C7809}
		{2B2B40D6-B8C5-4FD7-95FB-574C6F1FD995} = {C6F0453D-B523-4CD8-9680-C19BF09C7809}
		{549056B1-005C-42B1-AF3E-F8A13195245A} = {AD6C76D0-7239-432D-B91B-B3E9A8649F03}
	EndGlobalSection
	GlobalSection(ExtensibilityGlobals) = postSolution
		SolutionGuid = {635B9C8E-EBA5-449B-B03A-8FDD1B1685E6}
	EndGlobalSection
EndGlobal
